
Microsoft Visual Studio Solution File, Format Version 12.00
# Visual Studio 15
VisualStudioVersion = 15.0.26124.0
MinimumVisualStudioVersion = 15.0.26124.0
Project("{FAE04EC0-301F-11D3-BF4B-00C04F79EFBC}") = "QuickBuy.Dominio", "QuickBuy.Dominio\QuickBuy.Dominio.csproj", "{3E4FE228-2499-4C17-B56C-66C07B4F0D64}"
EndProject
Project("{FAE04EC0-301F-11D3-BF4B-00C04F79EFBC}") = "QuickBuy.Repositorio", "QuickBuy.Repositorio\QuickBuy.Repositorio.csproj", "{EECC50D9-307A-40EC-B632-BCC8637E22E9}"
EndProject
Project("{FAE04EC0-301F-11D3-BF4B-00C04F79EFBC}") = "QuickBuy.Web", "QuickBuy.Web\QuickBuy.Web.csproj", "{044D4487-EDA1-4CD9-A45F-9F2CDADC7827}"
EndProject
Global
	GlobalSection(SolutionConfigurationPlatforms) = preSolution
		Debug|Any CPU = Debug|Any CPU
		Debug|x64 = Debug|x64
		Debug|x86 = Debug|x86
		Release|Any CPU = Release|Any CPU
		Release|x64 = Release|x64
		Release|x86 = Release|x86
	EndGlobalSection
	GlobalSection(SolutionProperties) = preSolution
		HideSolutionNode = FALSE
	EndGlobalSection
	GlobalSection(ProjectConfigurationPlatforms) = postSolution
		{3E4FE228-2499-4C17-B56C-66C07B4F0D64}.Debug|Any CPU.ActiveCfg = Debug|Any CPU
		{3E4FE228-2499-4C17-B56C-66C07B4F0D64}.Debug|Any CPU.Build.0 = Debug|Any CPU
		{3E4FE228-2499-4C17-B56C-66C07B4F0D64}.Debug|x64.ActiveCfg = Debug|Any CPU
		{3E4FE228-2499-4C17-B56C-66C07B4F0D64}.Debug|x64.Build.0 = Debug|Any CPU
		{3E4FE228-2499-4C17-B56C-66C07B4F0D64}.Debug|x86.ActiveCfg = Debug|Any CPU
		{3E4FE228-2499-4C17-B56C-66C07B4F0D64}.Debug|x86.Build.0 = Debug|Any CPU
		{3E4FE228-2499-4C17-B56C-66C07B4F0D64}.Release|Any CPU.ActiveCfg = Release|Any CPU
		{3E4FE228-2499-4C17-B56C-66C07B4F0D64}.Release|Any CPU.Build.0 = Release|Any CPU
		{3E4FE228-2499-4C17-B56C-66C07B4F0D64}.Release|x64.ActiveCfg = Release|Any CPU
		{3E4FE228-2499-4C17-B56C-66C07B4F0D64}.Release|x64.Build.0 = Release|Any CPU
		{3E4FE228-2499-4C17-B56C-66C07B4F0D64}.Release|x86.ActiveCfg = Release|Any CPU
		{3E4FE228-2499-4C17-B56C-66C07B4F0D64}.Release|x86.Build.0 = Release|Any CPU
		{EECC50D9-307A-40EC-B632-BCC8637E22E9}.Debug|Any CPU.ActiveCfg = Debug|Any CPU
		{EECC50D9-307A-40EC-B632-BCC8637E22E9}.Debug|Any CPU.Build.0 = Debug|Any CPU
		{EECC50D9-307A-40EC-B632-BCC8637E22E9}.Debug|x64.ActiveCfg = Debug|Any CPU
		{EECC50D9-307A-40EC-B632-BCC8637E22E9}.Debug|x64.Build.0 = Debug|Any CPU
		{EECC50D9-307A-40EC-B632-BCC8637E22E9}.Debug|x86.ActiveCfg = Debug|Any CPU
		{EECC50D9-307A-40EC-B632-BCC8637E22E9}.Debug|x86.Build.0 = Debug|Any CPU
		{EECC50D9-307A-40EC-B632-BCC8637E22E9}.Release|Any CPU.ActiveCfg = Release|Any CPU
		{EECC50D9-307A-40EC-B632-BCC8637E22E9}.Release|Any CPU.Build.0 = Release|Any CPU
		{EECC50D9-307A-40EC-B632-BCC8637E22E9}.Release|x64.ActiveCfg = Release|Any CPU
		{EECC50D9-307A-40EC-B632-BCC8637E22E9}.Release|x64.Build.0 = Release|Any CPU
		{EECC50D9-307A-40EC-B632-BCC8637E22E9}.Release|x86.ActiveCfg = Release|Any CPU
		{EECC50D9-307A-40EC-B632-BCC8637E22E9}.Release|x86.Build.0 = Release|Any CPU
		{044D4487-EDA1-4CD9-A45F-9F2CDADC7827}.Debug|Any CPU.ActiveCfg = Debug|Any CPU
		{044D4487-EDA1-4CD9-A45F-9F2CDADC7827}.Debug|Any CPU.Build.0 = Debug|Any CPU
		{044D4487-EDA1-4CD9-A45F-9F2CDADC7827}.Debug|x64.ActiveCfg = Debug|Any CPU
		{044D4487-EDA1-4CD9-A45F-9F2CDADC7827}.Debug|x64.Build.0 = Debug|Any CPU
		{044D4487-EDA1-4CD9-A45F-9F2CDADC7827}.Debug|x86.ActiveCfg = Debug|Any CPU
		{044D4487-EDA1-4CD9-A45F-9F2CDADC7827}.Debug|x86.Build.0 = Debug|Any CPU
		{044D4487-EDA1-4CD9-A45F-9F2CDADC7827}.Release|Any CPU.ActiveCfg = Release|Any CPU
		{044D4487-EDA1-4CD9-A45F-9F2CDADC7827}.Release|Any CPU.Build.0 = Release|Any CPU
		{044D4487-EDA1-4CD9-A45F-9F2CDADC7827}.Release|x64.ActiveCfg = Release|Any CPU
		{044D4487-EDA1-4CD9-A45F-9F2CDADC7827}.Release|x64.Build.0 = Release|Any CPU
		{044D4487-EDA1-4CD9-A45F-9F2CDADC7827}.Release|x86.ActiveCfg = Release|Any CPU
		{044D4487-EDA1-4CD9-A45F-9F2CDADC7827}.Release|x86.Build.0 = Release|Any CPU
	EndGlobalSection
EndGlobal
